
Microsoft Visual Studio Solution File, Format Version 12.00
# Visual Studio Version 16
VisualStudioVersion = 16.0.29613.14
MinimumVisualStudioVersion = 10.0.40219.1
Project("{00D1A9C2-B5F0-4AF3-8072-F6C62B433612}") = "WeekendProjectDB", "WeekendProjectDB\WeekendProjectDB.sqlproj", "{FCB08CB9-42CA-4AE4-AC5B-EDDB59275820}"
EndProject
Global
	GlobalSection(SolutionConfigurationPlatforms) = preSolution
		Debug|Any CPU = Debug|Any CPU
		Release|Any CPU = Release|Any CPU
	EndGlobalSection
	GlobalSection(ProjectConfigurationPlatforms) = postSolution
		{FCB08CB9-42CA-4AE4-AC5B-EDDB59275820}.Debug|Any CPU.ActiveCfg = Debug|Any CPU
		{FCB08CB9-42CA-4AE4-AC5B-EDDB59275820}.Debug|Any CPU.Build.0 = Debug|Any CPU
		{FCB08CB9-42CA-4AE4-AC5B-EDDB59275820}.Debug|Any CPU.Deploy.0 = Debug|Any CPU
		{FCB08CB9-42CA-4AE4-AC5B-EDDB59275820}.Release|Any CPU.ActiveCfg = Release|Any CPU
		{FCB08CB9-42CA-4AE4-AC5B-EDDB59275820}.Release|Any CPU.Build.0 = Release|Any CPU
		{FCB08CB9-42CA-4AE4-AC5B-EDDB59275820}.Release|Any CPU.Deploy.0 = Release|Any CPU
	EndGlobalSection
	GlobalSection(SolutionProperties) = preSolution
		HideSolutionNode = FALSE
	EndGlobalSection
	GlobalSection(ExtensibilityGlobals) = postSolution
		SolutionGuid = {EDDB01C3-6664-494A-A3A6-622CB16515EC}
	EndGlobalSection
EndGlobal
